
Microsoft Visual Studio Solution File, Format Version 12.00
# Visual Studio Version 16
VisualStudioVersion = 16.0.29324.140
MinimumVisualStudioVersion = 10.0.40219.1
Project("{FAE04EC0-301F-11D3-BF4B-00C04F79EFBC}") = "OpenWeatherConsoleApp", "OpenWeatherConsoleApp\OpenWeatherConsoleApp.csproj", "{06B9F65B-DEAE-4B3F-B653-ABB343546A89}"
EndProject
Project("{FAE04EC0-301F-11D3-BF4B-00C04F79EFBC}") = "OpenWeatherConsoleAppLibrary", "OpenWeatherConsoleAppLibrary\OpenWeatherConsoleAppLibrary.csproj", "{8CF47AC1-F9B8-4EFD-9CC1-1223078B38B0}"
EndProject
Global
	GlobalSection(SolutionConfigurationPlatforms) = preSolution
		Debug|Any CPU = Debug|Any CPU
		Release|Any CPU = Release|Any CPU
	EndGlobalSection
	GlobalSection(ProjectConfigurationPlatforms) = postSolution
		{06B9F65B-DEAE-4B3F-B653-ABB343546A89}.Debug|Any CPU.ActiveCfg = Debug|Any CPU
		{06B9F65B-DEAE-4B3F-B653-ABB343546A89}.Debug|Any CPU.Build.0 = Debug|Any CPU
		{06B9F65B-DEAE-4B3F-B653-ABB343546A89}.Release|Any CPU.ActiveCfg = Release|Any CPU
		{06B9F65B-DEAE-4B3F-B653-ABB343546A89}.Release|Any CPU.Build.0 = Release|Any CPU
		{8CF47AC1-F9B8-4EFD-9CC1-1223078B38B0}.Debug|Any CPU.ActiveCfg = Debug|Any CPU
		{8CF47AC1-F9B8-4EFD-9CC1-1223078B38B0}.Debug|Any CPU.Build.0 = Debug|Any CPU
		{8CF47AC1-F9B8-4EFD-9CC1-1223078B38B0}.Release|Any CPU.ActiveCfg = Release|Any CPU
		{8CF47AC1-F9B8-4EFD-9CC1-1223078B38B0}.Release|Any CPU.Build.0 = Release|Any CPU
	EndGlobalSection
	GlobalSection(SolutionProperties) = preSolution
		HideSolutionNode = FALSE
	EndGlobalSection
	GlobalSection(ExtensibilityGlobals) = postSolution
		SolutionGuid = {470E8BC1-C0B0-4C00-BCCC-803D6CD22493}
	EndGlobalSection
EndGlobal
